
Microsoft Visual Studio Solution File, Format Version 12.00
# Visual Studio 15
VisualStudioVersion = 15.0.27130.2027
MinimumVisualStudioVersion = 10.0.40219.1
Project("{FAE04EC0-301F-11D3-BF4B-00C04F79EFBC}") = "MyShana.UWP", "MyShana.UWP\MyShana.UWP.csproj", "{1978BACA-27C6-4D80-A71D-4F43059AA620}"
EndProject
Project("{2150E333-8FDC-42A3-9474-1A3956D46DE8}") = "Shared", "Shared", "{1B979C89-3733-403E-9EFC-AA1834F10DC4}"
EndProject
Project("{6EC3EE1D-3C4E-46DD-8F32-0CC8E7565705}") = "MyShana.Models", "MyShana.Models\MyShana.Models.fsproj", "{EFD9FC5F-5938-4960-8CB6-3B94CB9BFF11}"
EndProject
Project("{6EC3EE1D-3C4E-46DD-8F32-0CC8E7565705}") = "MyShana.BusinessLogic", "MyShana.BusinessLogic\MyShana.BusinessLogic.fsproj", "{3BE04758-6F3D-42AC-B2C3-C039A56A064C}"
EndProject
Project("{6EC3EE1D-3C4E-46DD-8F32-0CC8E7565705}") = "MyShana.Interfaces", "MyShana.Interfaces\MyShana.Interfaces.fsproj", "{3DBD5370-5F7B-4A00-A513-BBD6DF4BBFFA}"
EndProject
Project("{F2A71F9B-5D33-465A-A702-920D77279786}") = "MyShana.ViewModels", "MyShana.ViewModels\MyShana.ViewModels.fsproj", "{E3EB26AA-96F5-454C-AEBF-8782E7E2FF8B}"
EndProject
Global
	GlobalSection(SolutionConfigurationPlatforms) = preSolution
		Debug|Any CPU = Debug|Any CPU
		Debug|ARM = Debug|ARM
		Debug|x64 = Debug|x64
		Debug|x86 = Debug|x86
		Release|Any CPU = Release|Any CPU
		Release|ARM = Release|ARM
		Release|x64 = Release|x64
		Release|x86 = Release|x86
	EndGlobalSection
	GlobalSection(ProjectConfigurationPlatforms) = postSolution
		{1978BACA-27C6-4D80-A71D-4F43059AA620}.Debug|Any CPU.ActiveCfg = Debug|x86
		{1978BACA-27C6-4D80-A71D-4F43059AA620}.Debug|ARM.ActiveCfg = Debug|ARM
		{1978BACA-27C6-4D80-A71D-4F43059AA620}.Debug|ARM.Build.0 = Debug|ARM
		{1978BACA-27C6-4D80-A71D-4F43059AA620}.Debug|ARM.Deploy.0 = Debug|ARM
		{1978BACA-27C6-4D80-A71D-4F43059AA620}.Debug|x64.ActiveCfg = Debug|x64
		{1978BACA-27C6-4D80-A71D-4F43059AA620}.Debug|x64.Build.0 = Debug|x64
		{1978BACA-27C6-4D80-A71D-4F43059AA620}.Debug|x64.Deploy.0 = Debug|x64
		{1978BACA-27C6-4D80-A71D-4F43059AA620}.Debug|x86.ActiveCfg = Debug|x86
		{1978BACA-27C6-4D80-A71D-4F43059AA620}.Debug|x86.Build.0 = Debug|x86
		{1978BACA-27C6-4D80-A71D-4F43059AA620}.Debug|x86.Deploy.0 = Debug|x86
		{1978BACA-27C6-4D80-A71D-4F43059AA620}.Release|Any CPU.ActiveCfg = Release|x86
		{1978BACA-27C6-4D80-A71D-4F43059AA620}.Release|ARM.ActiveCfg = Release|ARM
		{1978BACA-27C6-4D80-A71D-4F43059AA620}.Release|ARM.Build.0 = Release|ARM
		{1978BACA-27C6-4D80-A71D-4F43059AA620}.Release|ARM.Deploy.0 = Release|ARM
		{1978BACA-27C6-4D80-A71D-4F43059AA620}.Release|x64.ActiveCfg = Release|x64
		{1978BACA-27C6-4D80-A71D-4F43059AA620}.Release|x64.Build.0 = Release|x64
		{1978BACA-27C6-4D80-A71D-4F43059AA620}.Release|x64.Deploy.0 = Release|x64
		{1978BACA-27C6-4D80-A71D-4F43059AA620}.Release|x86.ActiveCfg = Release|x86
		{1978BACA-27C6-4D80-A71D-4F43059AA620}.Release|x86.Build.0 = Release|x86
		{1978BACA-27C6-4D80-A71D-4F43059AA620}.Release|x86.Deploy.0 = Release|x86
		{EFD9FC5F-5938-4960-8CB6-3B94CB9BFF11}.Debug|Any CPU.ActiveCfg = Debug|Any CPU
		{EFD9FC5F-5938-4960-8CB6-3B94CB9BFF11}.Debug|Any CPU.Build.0 = Debug|Any CPU
		{EFD9FC5F-5938-4960-8CB6-3B94CB9BFF11}.Debug|ARM.ActiveCfg = Debug|Any CPU
		{EFD9FC5F-5938-4960-8CB6-3B94CB9BFF11}.Debug|ARM.Build.0 = Debug|Any CPU
		{EFD9FC5F-5938-4960-8CB6-3B94CB9BFF11}.Debug|x64.ActiveCfg = Debug|Any CPU
		{EFD9FC5F-5938-4960-8CB6-3B94CB9BFF11}.Debug|x64.Build.0 = Debug|Any CPU
		{EFD9FC5F-5938-4960-8CB6-3B94CB9BFF11}.Debug|x86.ActiveCfg = Debug|Any CPU
		{EFD9FC5F-5938-4960-8CB6-3B94CB9BFF11}.Debug|x86.Build.0 = Debug|Any CPU
		{EFD9FC5F-5938-4960-8CB6-3B94CB9BFF11}.Release|Any CPU.ActiveCfg = Release|Any CPU
		{EFD9FC5F-5938-4960-8CB6-3B94CB9BFF11}.Release|Any CPU.Build.0 = Release|Any CPU
		{EFD9FC5F-5938-4960-8CB6-3B94CB9BFF11}.Release|ARM.ActiveCfg = Release|Any CPU
		{EFD9FC5F-5938-4960-8CB6-3B94CB9BFF11}.Release|ARM.Build.0 = Release|Any CPU
		{EFD9FC5F-5938-4960-8CB6-3B94CB9BFF11}.Release|x64.ActiveCfg = Release|Any CPU
		{EFD9FC5F-5938-4960-8CB6-3B94CB9BFF11}.Release|x64.Build.0 = Release|Any CPU
		{EFD9FC5F-5938-4960-8CB6-3B94CB9BFF11}.Release|x86.ActiveCfg = Release|Any CPU
		{EFD9FC5F-5938-4960-8CB6-3B94CB9BFF11}.Release|x86.Build.0 = Release|Any CPU
		{3BE04758-6F3D-42AC-B2C3-C039A56A064C}.Debug|Any CPU.ActiveCfg = Debug|Any CPU
		{3BE04758-6F3D-42AC-B2C3-C039A56A064C}.Debug|Any CPU.Build.0 = Debug|Any CPU
		{3BE04758-6F3D-42AC-B2C3-C039A56A064C}.Debug|ARM.ActiveCfg = Debug|Any CPU
		{3BE04758-6F3D-42AC-B2C3-C039A56A064C}.Debug|ARM.Build.0 = Debug|Any CPU
		{3BE04758-6F3D-42AC-B2C3-C039A56A064C}.Debug|x64.ActiveCfg = Debug|Any CPU
		{3BE04758-6F3D-42AC-B2C3-C039A56A064C}.Debug|x64.Build.0 = Debug|Any CPU
		{3BE04758-6F3D-42AC-B2C3-C039A56A064C}.Debug|x86.ActiveCfg = Debug|Any CPU
		{3BE04758-6F3D-42AC-B2C3-C039A56A064C}.Debug|x86.Build.0 = Debug|Any CPU
		{3BE04758-6F3D-42AC-B2C3-C039A56A064C}.Release|Any CPU.ActiveCfg = Release|Any CPU
		{3BE04758-6F3D-42AC-B2C3-C039A56A064C}.Release|Any CPU.Build.0 = Release|Any CPU
		{3BE04758-6F3D-42AC-B2C3-C039A56A064C}.Release|ARM.ActiveCfg = Release|Any CPU
		{3BE04758-6F3D-42AC-B2C3-C039A56A064C}.Release|ARM.Build.0 = Release|Any CPU
		{3BE04758-6F3D-42AC-B2C3-C039A56A064C}.Release|x64.ActiveCfg = Release|Any CPU
		{3BE04758-6F3D-42AC-B2C3-C039A56A064C}.Release|x64.Build.0 = Release|Any CPU
		{3BE04758-6F3D-42AC-B2C3-C039A56A064C}.Release|x86.ActiveCfg = Release|Any CPU
		{3BE04758-6F3D-42AC-B2C3-C039A56A064C}.Release|x86.Build.0 = Release|Any CPU
		{3DBD5370-5F7B-4A00-A513-BBD6DF4BBFFA}.Debug|Any CPU.ActiveCfg = Debug|Any CPU
		{3DBD5370-5F7B-4A00-A513-BBD6DF4BBFFA}.Debug|Any CPU.Build.0 = Debug|Any CPU
		{3DBD5370-5F7B-4A00-A513-BBD6DF4BBFFA}.Debug|ARM.ActiveCfg = Debug|Any CPU
		{3DBD5370-5F7B-4A00-A513-BBD6DF4BBFFA}.Debug|ARM.Build.0 = Debug|Any CPU
		{3DBD5370-5F7B-4A00-A513-BBD6DF4BBFFA}.Debug|x64.ActiveCfg = Debug|Any CPU
		{3DBD5370-5F7B-4A00-A513-BBD6DF4BBFFA}.Debug|x64.Build.0 = Debug|Any CPU
		{3DBD5370-5F7B-4A00-A513-BBD6DF4BBFFA}.Debug|x86.ActiveCfg = Debug|Any CPU
		{3DBD5370-5F7B-4A00-A513-BBD6DF4BBFFA}.Debug|x86.Build.0 = Debug|Any CPU
		{3DBD5370-5F7B-4A00-A513-BBD6DF4BBFFA}.Release|Any CPU.ActiveCfg = Release|Any CPU
		{3DBD5370-5F7B-4A00-A513-BBD6DF4BBFFA}.Release|Any CPU.Build.0 = Release|Any CPU
		{3DBD5370-5F7B-4A00-A513-BBD6DF4BBFFA}.Release|ARM.ActiveCfg = Release|Any CPU
		{3DBD5370-5F7B-4A00-A513-BBD6DF4BBFFA}.Release|ARM.Build.0 = Release|Any CPU
		{3DBD5370-5F7B-4A00-A513-BBD6DF4BBFFA}.Release|x64.ActiveCfg = Release|Any CPU
		{3DBD5370-5F7B-4A00-A513-BBD6DF4BBFFA}.Release|x64.Build.0 = Release|Any CPU
		{3DBD5370-5F7B-4A00-A513-BBD6DF4BBFFA}.Release|x86.ActiveCfg = Release|Any CPU
		{3DBD5370-5F7B-4A00-A513-BBD6DF4BBFFA}.Release|x86.Build.0 = Release|Any CPU
		{E3EB26AA-96F5-454C-AEBF-8782E7E2FF8B}.Debug|Any CPU.ActiveCfg = Debug|Any CPU
		{E3EB26AA-96F5-454C-AEBF-8782E7E2FF8B}.Debug|Any CPU.Build.0 = Debug|Any CPU
		{E3EB26AA-96F5-454C-AEBF-8782E7E2FF8B}.Debug|ARM.ActiveCfg = Debug|Any CPU
		{E3EB26AA-96F5-454C-AEBF-8782E7E2FF8B}.Debug|ARM.Build.0 = Debug|Any CPU
		{E3EB26AA-96F5-454C-AEBF-8782E7E2FF8B}.Debug|x64.ActiveCfg = Debug|Any CPU
		{E3EB26AA-96F5-454C-AEBF-8782E7E2FF8B}.Debug|x64.Build.0 = Debug|Any CPU
		{E3EB26AA-96F5-454C-AEBF-8782E7E2FF8B}.Debug|x86.ActiveCfg = Debug|Any CPU
		{E3EB26AA-96F5-454C-AEBF-8782E7E2FF8B}.Debug|x86.Build.0 = Debug|Any CPU
		{E3EB26AA-96F5-454C-AEBF-8782E7E2FF8B}.Release|Any CPU.ActiveCfg = Release|Any CPU
		{E3EB26AA-96F5-454C-AEBF-8782E7E2FF8B}.Release|Any CPU.Build.0 = Release|Any CPU
		{E3EB26AA-96F5-454C-AEBF-8782E7E2FF8B}.Release|ARM.ActiveCfg = Release|Any CPU
		{E3EB26AA-96F5-454C-AEBF-8782E7E2FF8B}.Release|ARM.Build.0 = Release|Any CPU
		{E3EB26AA-96F5-454C-AEBF-8782E7E2FF8B}.Release|x64.ActiveCfg = Release|Any CPU
		{E3EB26AA-96F5-454C-AEBF-8782E7E2FF8B}.Release|x64.Build.0 = Release|Any CPU
		{E3EB26AA-96F5-454C-AEBF-8782E7E2FF8B}.Release|x86.ActiveCfg = Release|Any CPU
		{E3EB26AA-96F5-454C-AEBF-8782E7E2FF8B}.Release|x86.Build.0 = Release|Any CPU
	EndGlobalSection
	GlobalSection(SolutionProperties) = preSolution
		HideSolutionNode = FALSE
	EndGlobalSection
	GlobalSection(NestedProjects) = preSolution
		{EFD9FC5F-5938-4960-8CB6-3B94CB9BFF11} = {1B979C89-3733-403E-9EFC-AA1834F10DC4}
		{3BE04758-6F3D-42AC-B2C3-C039A56A064C} = {1B979C89-3733-403E-9EFC-AA1834F10DC4}
		{3DBD5370-5F7B-4A00-A513-BBD6DF4BBFFA} = {1B979C89-3733-403E-9EFC-AA1834F10DC4}
		{E3EB26AA-96F5-454C-AEBF-8782E7E2FF8B} = {1B979C89-3733-403E-9EFC-AA1834F10DC4}
	EndGlobalSection
	GlobalSection(ExtensibilityGlobals) = postSolution
		SolutionGuid = {3373A5CA-804B-4796-B60F-C33A9624A784}
	EndGlobalSection
EndGlobal
